{
    "_readme": [
        "This file locks the dependencies of your project to a known state",
        "Read more about it at https://getcomposer.org/doc/01-basic-usage.md#composer-lock-the-lock-file",
        "This file is @generated automatically"
    ],
    "hash": "b6b4884cc1900120fdc1559502c5c484",
    "packages": [
        {
            "name": "pwfisher/command-line-php",
            "version": "dev-master",
            "source": {
                "type": "git",
                "url": "https://github.com/pwfisher/CommandLine.php.git",
                "reference": "ce756a94efa3544b56d03a02d3634a8d969ee962"
            },
            "dist": {
                "type": "zip",
                "url": "https://api.github.com/repos/pwfisher/CommandLine.php/zipball/ce756a94efa3544b56d03a02d3634a8d969ee962",
                "reference": "ce756a94efa3544b56d03a02d3634a8d969ee962",
                "shasum": ""
            },
            "require": {
                "php": ">=5.3.0"
            },
            "type": "library",
            "autoload": {
                "classmap": [
                    "CommandLine.php"
                ]
            },
            "notification-url": "https://packagist.org/downloads/",
            "license": [
                "CC-BY-3.0"
            ],
            "authors": [
                {
                    "name": "Patrick Fisher",
                    "email": "patrick@pwfisher.com"
                }
            ],
            "description": "PHP Command Line interface class. Provides friendly and flexible CLI argument parsing.",
            "keywords": [
                "cli",
                "parser",
                "parsing"
            ],
            "time": "2014-09-23 01:07:11"
        },
        {
            "name": "zeptech/annotations",
            "version": "dev-master",
            "source": {
                "type": "git",
                "url": "https://github.com/pgraham/php-annotations.git",
                "reference": "a3cd4742609b01cb0bd5b04fb9fd4d4402cea7b7"
            },
            "dist": {
                "type": "zip",
                "url": "https://api.github.com/repos/pgraham/php-annotations/zipball/a3cd4742609b01cb0bd5b04fb9fd4d4402cea7b7",
                "reference": "a3cd4742609b01cb0bd5b04fb9fd4d4402cea7b7",
                "shasum": ""
            },
            "require": {
                "php": ">=5.3.0"
            },
            "type": "library",
            "autoload": {
                "psr-0": {
                    "zpt\\anno": ""
                }
            },
            "notification-url": "https://packagist.org/downloads/",
            "license": [
                "BSD"
            ],
            "authors": [
                {
                    "name": "Philip Graham",
                    "email": "philip@zeptech.ca"
                }
            ],
            "description": "DOC Block annotation parsing for PHP",
            "homepage": "https://github.com/pgraham/php-annotations",
            "keywords": [
                "annotations"
            ],
            "time": "2014-02-18 16:45:15"
        }
    ],
    "packages-dev": [],
    "aliases": [],
    "minimum-stability": "dev",
    "stability-flags": {
        "pwfisher/command-line-php": 20,
        "zeptech/annotations": 20
    },
    "prefer-stable": false,
    "prefer-lowest": false,
    "platform": [],
    "platform-dev": []
}
